
Microsoft Visual Studio Solution File, Format Version 12.00
# Visual Studio Version 16
VisualStudioVersion = 16.0.31624.102
MinimumVisualStudioVersion = 10.0.40219.1
Project("{9A19103F-16F7-4668-BE54-9A1E7A4F7556}") = "BOOK_LIST", "BOOK_LIST\BOOK_LIST.csproj", "{BEB65C3A-66C2-489C-BF4C-7E9B92E2241E}"
EndProject
Global
	GlobalSection(SolutionConfigurationPlatforms) = preSolution
		Debug|Any CPU = Debug|Any CPU
		Release|Any CPU = Release|Any CPU
	EndGlobalSection
	GlobalSection(ProjectConfigurationPlatforms) = postSolution
		{BEB65C3A-66C2-489C-BF4C-7E9B92E2241E}.Debug|Any CPU.ActiveCfg = Debug|Any CPU
		{BEB65C3A-66C2-489C-BF4C-7E9B92E2241E}.Debug|Any CPU.Build.0 = Debug|Any CPU
		{BEB65C3A-66C2-489C-BF4C-7E9B92E2241E}.Release|Any CPU.ActiveCfg = Release|Any CPU
		{BEB65C3A-66C2-489C-BF4C-7E9B92E2241E}.Release|Any CPU.Build.0 = Release|Any CPU
	EndGlobalSection
	GlobalSection(SolutionProperties) = preSolution
		HideSolutionNode = FALSE
	EndGlobalSection
	GlobalSection(ExtensibilityGlobals) = postSolution
		SolutionGuid = {8A166904-2690-4BCE-9D82-8C8562727C05}
	EndGlobalSection
EndGlobal
